
Microsoft Visual Studio Solution File, Format Version 12.00
# Visual Studio Version 17
VisualStudioVersion = 17.6.33829.357
MinimumVisualStudioVersion = 10.0.40219.1
Project("{FAE04EC0-301F-11D3-BF4B-00C04F79EFBC}") = "MedicalApi", "MedicalApi\MedicalApi.csproj", "{0BC0F319-5796-404C-890C-FA5956A5A12C}"
EndProject
Global
	GlobalSection(SolutionConfigurationPlatforms) = preSolution
		Debug|Any CPU = Debug|Any CPU
		Release|Any CPU = Release|Any CPU
	EndGlobalSection
	GlobalSection(ProjectConfigurationPlatforms) = postSolution
		{0BC0F319-5796-404C-890C-FA5956A5A12C}.Debug|Any CPU.ActiveCfg = Debug|Any CPU
		{0BC0F319-5796-404C-890C-FA5956A5A12C}.Debug|Any CPU.Build.0 = Debug|Any CPU
		{0BC0F319-5796-404C-890C-FA5956A5A12C}.Release|Any CPU.ActiveCfg = Release|Any CPU
		{0BC0F319-5796-404C-890C-FA5956A5A12C}.Release|Any CPU.Build.0 = Release|Any CPU
	EndGlobalSection
	GlobalSection(SolutionProperties) = preSolution
		HideSolutionNode = FALSE
	EndGlobalSection
	GlobalSection(ExtensibilityGlobals) = postSolution
		SolutionGuid = {412AAD45-105B-41F5-A8D7-D2C96BE5C072}
	EndGlobalSection
EndGlobal
